{
  "nodes": {
    "avalanche": {
      "inputs": {
        "nixpkgs": [
          "nixocaine",
          "nam-shub-of-enki",
          "nixpkgs"
        ],
        "nixpkgs-2505": "nixpkgs-2505",
        "pre-commit-hooks": [
          "nixocaine",
          "nam-shub-of-enki",
          "pre-commit-hooks"
        ],
        "systems": "systems_2",
        "treefmt-nix": [
          "nixocaine",
          "nam-shub-of-enki",
          "treefmt-nix"
        ]
      },
      "locked": {
        "lastModified": 1765198317,
        "narHash": "sha256-IQoB7lK8cJzWG3hEZrPe0Zoa8/1LRwcgTSoX9mpr20E=",
        "ref": "refs/heads/main",
        "rev": "01af515b690125cb0b636a86ab95cace3c0cc8c6",
        "revCount": 160,
        "type": "git",
        "url": "https://git.madhouse-project.org/algernon/avalanche.git"
      },
      "original": {
        "type": "git",
        "url": "https://git.madhouse-project.org/algernon/avalanche.git"
      }
    },
    "bart": {
      "flake": false,
      "locked": {
        "lastModified": 1783687876,
        "narHash": "sha256-6D55OT6Of9/9WB+YaHJabqbCQBH6vMyiLymddNz4uY8=",
        "owner": "bartoostveen",
        "repo": "infra",
        "rev": "1c1ab46a35d4df0b3f187f50cefa123164700544",
        "type": "github"
      },
      "original": {
        "owner": "bartoostveen",
        "repo": "infra",
        "type": "github"
      }
    },
    "catppuccin": {
      "inputs": {
        "nixpkgs": [
          "nixpkgs"
        ]
      },
      "locked": {
        "lastModified": 1783674541,
        "narHash": "sha256-vmUhEF/jBCZJeK0dInOls+HOAR0yiiQusN1+FZKaJss=",
        "owner": "catppuccin",
        "repo": "nix",
        "rev": "96799f24cf1366fe88e1293c3d27521a8f2129cf",
        "type": "github"
      },
      "original": {
        "owner": "catppuccin",
        "repo": "nix",
        "type": "github"
      }
    },
    "copyparty": {
      "inputs": {
        "flake-utils": "flake-utils",
        "nixpkgs": [
          "nixpkgs"
        ]
      },
      "locked": {
        "lastModified": 1783637983,
        "narHash": "sha256-zKYemA+ZGFiW7ac5+9w8FEounKLt4eOb7HI17wp1Rxs=",
        "owner": "9001",
        "repo": "copyparty",
        "rev": "96bafb8f4af83bb7473b75e4b77ab8e1445e6b46",
        "type": "github"
      },
      "original": {
        "owner": "9001",
        "repo": "copyparty",
        "type": "github"
      }
    },
    "deploy-rs": {
      "inputs": {
        "flake-parts": [
          "flake-parts"
        ],
        "nix-github-actions": "nix-github-actions",
        "nixpkgs": [
          "nixpkgs"
        ],
        "treefmt-nix": [
          "treefmt-nix"
        ]
      },
      "locked": {
        "lastModified": 1781559549,
        "narHash": "sha256-hiULr27laYmXGEziofzw+w+fmJsigqSqmcH29VW2ejE=",
        "ref": "refs/heads/master",
        "rev": "0d7abc3ecbe6d50928f62b8f06e9057f574a8fb8",
        "revCount": 367,
        "type": "git",
        "url": "https://git.toostveen.nl/tom/deploy-rs"
      },
      "original": {
        "type": "git",
        "url": "https://git.toostveen.nl/tom/deploy-rs"
      }
    },
    "devshell": {
      "inputs": {
        "nixpkgs": [
          "nixpkgs"
        ]
      },
      "locked": {
        "lastModified": 1768818222,
        "narHash": "sha256-460jc0+CZfyaO8+w8JNtlClB2n4ui1RbHfPTLkpwhU8=",
        "owner": "numtide",
        "repo": "devshell",
        "rev": "255a2b1725a20d060f566e4755dbf571bbbb5f76",
        "type": "github"
      },
      "original": {
        "owner": "numtide",
        "repo": "devshell",
        "type": "github"
      }
    },
    "direnv-instant": {
      "inputs": {
        "flake-parts": [
          "flake-parts"
        ],
        "nixpkgs": [
          "nixpkgs"
        ],
        "treefmt-nix": [
          "treefmt-nix"
        ]
      },
      "locked": {
        "lastModified": 1783580867,
        "narHash": "sha256-CJ6nOw6d4Y3OhAZaZ7sF8qcdVq3eEyxGNAhsEpQpbvw=",
        "owner": "Mic92",
        "repo": "direnv-instant",
        "rev": "e9efca8234a6595eb7d447dc4b549e519f711145",
        "type": "github"
      },
      "original": {
        "owner": "Mic92",
        "repo": "direnv-instant",
        "type": "github"
      }
    },
    "disko": {
      "inputs": {
        "nixpkgs": [
          "nixpkgs"
        ]
      },
      "locked": {
        "lastModified": 1768920986,
        "narHash": "sha256-CNzzBsRhq7gg4BMBuTDObiWDH/rFYHEuDRVOwCcwXw4=",
        "owner": "nix-community",
        "repo": "disko",
        "rev": "de5708739256238fb912c62f03988815db89ec9a",
        "type": "github"
      },
      "original": {
        "owner": "nix-community",
        "ref": "latest",
        "repo": "disko",
        "type": "github"
      }
    },
    "flake-compat": {
      "flake": false,
      "locked": {
        "lastModified": 1696426674,
        "narHash": "sha256-kvjfFW7WAETZlt09AgDn1MrtKzP7t90Vf7vypd3OL1U=",
        "owner": "edolstra",
        "repo": "flake-compat",
        "rev": "0f9255e01c2351cc7d116c072cb317785dd33b33",
        "type": "github"
      },
      "original": {
        "owner": "edolstra",
        "repo": "flake-compat",
        "type": "github"
      }
    },
    "flake-parts": {
      "inputs": {
        "nixpkgs-lib": "nixpkgs-lib"
      },
      "locked": {
        "lastModified": 1782949081,
        "narHash": "sha256-vp6Y/Grm98ESt6ceOkWiHWyZRDV3J1RID4w+6NWK9yA=",
        "owner": "hercules-ci",
        "repo": "flake-parts",
        "rev": "17c9d6cdfc60c64f4ee8d306f9bc0b4ccb51481e",
        "type": "github"
      },
      "original": {
        "owner": "hercules-ci",
        "repo": "flake-parts",
        "type": "github"
      }
    },
    "flake-utils": {
      "locked": {
        "lastModified": 1678901627,
        "narHash": "sha256-U02riOqrKKzwjsxc/400XnElV+UtPUQWpANPlyazjH0=",
        "owner": "numtide",
        "repo": "flake-utils",
        "rev": "93a2b84fc4b70d9e089d029deacc3583435c2ed6",
        "type": "github"
      },
      "original": {
        "owner": "numtide",
        "repo": "flake-utils",
        "type": "github"
      }
    },
    "gitignore": {
      "inputs": {
        "nixpkgs": [
          "lazy-apps",
          "pre-commit-hooks",
          "nixpkgs"
        ]
      },
      "locked": {
        "lastModified": 1709087332,
        "narHash": "sha256-HG2cCnktfHsKV0s4XW83gU3F57gaTljL9KNSuG6bnQs=",
        "owner": "hercules-ci",
        "repo": "gitignore.nix",
        "rev": "637db329424fd7e46cf4185293b9cc8c88c95394",
        "type": "github"
      },
      "original": {
        "owner": "hercules-ci",
        "repo": "gitignore.nix",
        "type": "github"
      }
    },
    "home-manager": {
      "inputs": {
        "nixpkgs": [
          "nixpkgs"
        ]
      },
      "locked": {
        "lastModified": 1783689750,
        "narHash": "sha256-iMO/Ypany7DPXD6D7sQgH7METtEUihnOvdb+A9ehn8k=",
        "owner": "nix-community",
        "repo": "home-manager",
        "rev": "79e6082586b3680ff32c8e75127545058f074fa4",
        "type": "github"
      },
      "original": {
        "owner": "nix-community",
        "repo": "home-manager",
        "type": "github"
      }
    },
    "iocaine-stable": {
      "inputs": {
        "nixpkgs": [
          "nixocaine",
          "nixpkgs"
        ],
        "pre-commit-hooks": [
          "nixocaine",
          "pre-commit-hooks"
        ],
        "systems": "systems",
        "treefmt-nix": [
          "nixocaine",
          "treefmt-nix"
        ]
      },
      "locked": {
        "lastModified": 1779742069,
        "narHash": "sha256-adsQuSL4F1mfSsUtLwdgUtHVYessBM31tlBU8Rbbst4=",
        "rev": "6dab9ec9bc05b8f70e2941ca24d0f4a778dea872",
        "type": "tarball",
        "url": "https://git.madhouse-project.org/api/v1/repos/iocaine/iocaine/archive/6dab9ec9bc05b8f70e2941ca24d0f4a778dea872.tar.gz?rev=6dab9ec9bc05b8f70e2941ca24d0f4a778dea872"
      },
      "original": {
        "type": "tarball",
        "url": "https://git.madhouse-project.org/iocaine/iocaine/archive/iocaine-3.5.0.tar.gz"
      }
    },
    "lazy-apps": {
      "inputs": {
        "nixpkgs": [
          "nixpkgs"
        ],
        "pre-commit-hooks": "pre-commit-hooks"
      },
      "locked": {
        "lastModified": 1768247242,
        "narHash": "sha256-sT3lgZnPfeFov8neHHN4iXkeSy+V4PBFgUbW3WJFCQ4=",
        "ref": "refs/heads/master",
        "rev": "61fb2f10eca1cbf5857fcf12df466631b502f5e7",
        "revCount": 26,
        "type": "git",
        "url": "https://git.toostveen.nl/tom/lazy-apps"
      },
      "original": {
        "type": "git",
        "url": "https://git.toostveen.nl/tom/lazy-apps"
      }
    },
    "nam-shub-of-enki": {
      "inputs": {
        "avalanche": "avalanche",
        "iocaine": [
          "nixocaine",
          "iocaine-stable"
        ],
        "nixpkgs": [
          "nixocaine",
          "nixpkgs"
        ],
        "pre-commit-hooks": [
          "nixocaine",
          "pre-commit-hooks"
        ],
        "treefmt-nix": [
          "nixocaine",
          "treefmt-nix"
        ]
      },
      "locked": {
        "lastModified": 1780214260,
        "narHash": "sha256-JKsPXxXokBIAcwD5hc+8M248dShtvNS+MbGJdo/p8ws=",
        "ref": "iocaine-3.x",
        "rev": "736d63d9524bb9817ccb8080402bfa07b1106f51",
        "revCount": 346,
        "type": "git",
        "url": "https://git.madhouse-project.org/iocaine/nam-shub-of-enki"
      },
      "original": {
        "ref": "iocaine-3.x",
        "type": "git",
        "url": "https://git.madhouse-project.org/iocaine/nam-shub-of-enki"
      }
    },
    "ncro": {
      "inputs": {
        "nixpkgs": [
          "nixpkgs"
        ]
      },
      "locked": {
        "lastModified": 1783665058,
        "narHash": "sha256-WNl+0YP4/XCshpj5c0ZYNBuTzg/bLIaLcf7qtxrLIfU=",
        "owner": "feel-co",
        "repo": "ncro",
        "rev": "eec6c0ed0577312779b0842d8c15cce8fd4dcbc9",
        "type": "github"
      },
      "original": {
        "owner": "feel-co",
        "repo": "ncro",
        "type": "github"
      }
    },
    "nix-github-actions": {
      "inputs": {
        "nixpkgs": [
          "deploy-rs",
          "nixpkgs"
        ]
      },
      "locked": {
        "lastModified": 1737420293,
        "narHash": "sha256-F1G5ifvqTpJq7fdkT34e/Jy9VCyzd5XfJ9TO8fHhJWE=",
        "owner": "nix-community",
        "repo": "nix-github-actions",
        "rev": "f4158fa080ef4503c8f4c820967d946c2af31ec9",
        "type": "github"
      },
      "original": {
        "owner": "nix-community",
        "repo": "nix-github-actions",
        "type": "github"
      }
    },
    "nix-index-database": {
      "inputs": {
        "nixpkgs": [
          "nixpkgs"
        ]
      },
      "locked": {
        "lastModified": 1783414108,
        "narHash": "sha256-RY8e+gR2/DhXsYDxGDL6Hhe9+POD9u4+llwxMBqMQDs=",
        "owner": "nix-community",
        "repo": "nix-index-database",
        "rev": "96d6de10eb281b98f5cfcd1841394c03da5df77c",
        "type": "github"
      },
      "original": {
        "owner": "nix-community",
        "repo": "nix-index-database",
        "type": "github"
      }
    },
    "nix-maid": {
      "locked": {
        "lastModified": 1781635712,
        "narHash": "sha256-FMCCzcPNfI1jxIt89zCqwFy6oq7TSL5MpClCIuz1JVk=",
        "owner": "viperML",
        "repo": "nix-maid",
        "rev": "b2fc8413bbba4277db47525e6bbab3508f03d081",
        "type": "github"
      },
      "original": {
        "owner": "viperML",
        "repo": "nix-maid",
        "rev": "b2fc8413bbba4277db47525e6bbab3508f03d081",
        "type": "github"
      }
    },
    "nixocaine": {
      "inputs": {
        "iocaine-stable": "iocaine-stable",
        "nam-shub-of-enki": "nam-shub-of-enki",
        "nixpkgs": [
          "nixpkgs"
        ],
        "pre-commit-hooks": [],
        "systems": "systems_3",
        "treefmt-nix": []
      },
      "locked": {
        "lastModified": 1780214293,
        "narHash": "sha256-qmlzbb0FjVpVLusw7xPpxVS74oNdNaBLZheDW9qZSk8=",
        "ref": "stable",
        "rev": "36c1a15ecbea53bf8b4380b5b44a04372d67192e",
        "revCount": 135,
        "type": "git",
        "url": "https://git.madhouse-project.org/iocaine/nixocaine/"
      },
      "original": {
        "ref": "stable",
        "type": "git",
        "url": "https://git.madhouse-project.org/iocaine/nixocaine/"
      }
    },
    "nixos-small": {
      "locked": {
        "lastModified": 1783651168,
        "narHash": "sha256-31bKrtu9iDAaXyoFZEjauookb4iy87MNhD9yCJx+9rY=",
        "owner": "nixos",
        "repo": "nixpkgs",
        "rev": "1f67b2542cd28cacf647a01bad01c3ea762f5c62",
        "type": "github"
      },
      "original": {
        "owner": "nixos",
        "ref": "nixos-unstable-small",
        "repo": "nixpkgs",
        "type": "github"
      }
    },
    "nixpkgs-2505": {
      "locked": {
        "lastModified": 1764939437,
        "narHash": "sha256-4TLFHUwXraw9Df5mXC/vCrJgb50CRr3CzUzF0Mn3CII=",
        "owner": "NixOS",
        "repo": "nixpkgs",
        "rev": "00d2457e2f608b4be6fe8b470b0a36816324b0ae",
        "type": "github"
      },
      "original": {
        "owner": "NixOS",
        "ref": "nixos-25.05",
        "repo": "nixpkgs",
        "type": "github"
      }
    },
    "nixpkgs-lib": {
      "locked": {
        "lastModified": 1782614948,
        "narHash": "sha256-ePjCwr1sNm9NYUqywL7QfK3JnlS015msC+eBu2zKlp8=",
        "owner": "nix-community",
        "repo": "nixpkgs.lib",
        "rev": "db3f255737b94216eb71cce308e2912cf6bc2d7c",
        "type": "github"
      },
      "original": {
        "owner": "nix-community",
        "repo": "nixpkgs.lib",
        "type": "github"
      }
    },
    "nixpkgs-patch-10": {
      "flake": false,
      "locked": {
        "narHash": "sha256-yMWfhiedIXS8KzzzUt13QRpKT9IXxJOxhvMiRGGk3C0=",
        "type": "file",
        "url": "https://github.com/dtomvan/nixpkgs/commit/7488a70e4a522236091ddf0d108ac0e7e6febfc0.patch"
      },
      "original": {
        "type": "file",
        "url": "https://github.com/dtomvan/nixpkgs/commit/7488a70e4a522236091ddf0d108ac0e7e6febfc0.patch"
      }
    },
    "nixpkgs-patched": {
      "locked": {
        "lastModified": 1780941541,
        "narHash": "sha256-fOz5afoyUUoKcNAwyRHHJFln34fCsLOxM6lTbNAjTBs=",
        "owner": "dtomvan",
        "repo": "nixpkgs",
        "rev": "3ed9b62accf6bfdbd3d0ad8f8ddd5c2eca8494cb",
        "type": "github"
      },
      "original": {
        "owner": "dtomvan",
        "ref": "nixos-unstable-patched",
        "repo": "nixpkgs",
        "type": "github"
      }
    },
    "nixpkgs-patcher": {
      "inputs": {
        "flake-parts": [],
        "nix-patcher": [],
        "nixpkgs": [],
        "nixpkgs-patch-10": "nixpkgs-patch-10",
        "nixpkgs-patched": "nixpkgs-patched",
        "systems": []
      },
      "locked": {
        "lastModified": 1783686565,
        "narHash": "sha256-dnhtLsxMIB3FPZmpl4IqQKFe80vNFYrQxo5tysdX6Vk=",
        "owner": "dtomvan",
        "repo": "nixpkgs-patcher",
        "rev": "b53e9b8d6d9016de355e2cecc91ace93fbb37fae",
        "type": "github"
      },
      "original": {
        "owner": "dtomvan",
        "repo": "nixpkgs-patcher",
        "type": "github"
      }
    },
    "nixpkgs-stable": {
      "locked": {
        "lastModified": 1730741070,
        "narHash": "sha256-edm8WG19kWozJ/GqyYx2VjW99EdhjKwbY3ZwdlPAAlo=",
        "owner": "NixOS",
        "repo": "nixpkgs",
        "rev": "d063c1dd113c91ab27959ba540c0d9753409edf3",
        "type": "github"
      },
      "original": {
        "owner": "NixOS",
        "ref": "nixos-24.05",
        "repo": "nixpkgs",
        "type": "github"
      }
    },
    "nixvim": {
      "inputs": {
        "flake-parts": [
          "flake-parts"
        ],
        "nixpkgs": [
          "nixpkgs"
        ],
        "systems": "systems_4"
      },
      "locked": {
        "lastModified": 1783647864,
        "narHash": "sha256-gtVkWD4SbsvQQ8aSFEsrUTxxyuim4/ZC6lBJmA+sE/k=",
        "owner": "nix-community",
        "repo": "nixvim",
        "rev": "ebffdb62cd1604537ee51d4d23258c002f1c90f8",
        "type": "github"
      },
      "original": {
        "owner": "nix-community",
        "repo": "nixvim",
        "type": "github"
      }
    },
    "noctalia": {
      "inputs": {
        "nixpkgs": [
          "nixpkgs"
        ]
      },
      "locked": {
        "lastModified": 1783689056,
        "narHash": "sha256-K9/7C/Dwwe80jF1xhbV8/rHzJsujXulA1vFftgyF6Ok=",
        "owner": "noctalia-dev",
        "repo": "noctalia",
        "rev": "1b7a17a5df40cf782dbb92f37c94516932427f56",
        "type": "github"
      },
      "original": {
        "owner": "noctalia-dev",
        "repo": "noctalia",
        "type": "github"
      }
    },
    "noctalia-greeter": {
      "inputs": {
        "nixpkgs": [
          "nixpkgs"
        ]
      },
      "locked": {
        "lastModified": 1783629035,
        "narHash": "sha256-ftSGIxo6db6f4SZk4OCuO/8K2yg2TEbESb1/FxGFYdg=",
        "owner": "noctalia-dev",
        "repo": "noctalia-greeter",
        "rev": "1d3cd3fa94854cf7070200ae9f02f0a637eb67c9",
        "type": "github"
      },
      "original": {
        "owner": "noctalia-dev",
        "repo": "noctalia-greeter",
        "type": "github"
      }
    },
    "nur": {
      "inputs": {
        "flake-parts": [
          "flake-parts"
        ],
        "nixpkgs": [
          "nixpkgs"
        ]
      },
      "locked": {
        "lastModified": 1783690104,
        "narHash": "sha256-87vuToY7VBaSd3zIjhhajfa7y9i+72QuVShqRyUDgoY=",
        "owner": "nix-community",
        "repo": "NUR",
        "rev": "7da423d9cb02d589014534eb8f0a857d53b6acbb",
        "type": "github"
      },
      "original": {
        "owner": "nix-community",
        "repo": "NUR",
        "type": "github"
      }
    },
    "pre-commit-hooks": {
      "inputs": {
        "flake-compat": "flake-compat",
        "gitignore": "gitignore",
        "nixpkgs": [
          "lazy-apps",
          "nixpkgs"
        ],
        "nixpkgs-stable": "nixpkgs-stable"
      },
      "locked": {
        "lastModified": 1733665616,
        "narHash": "sha256-+XTFXYlFJBxohhMGLDpYdEnhUNdxN8dyTA8WAd+lh2A=",
        "owner": "cachix",
        "repo": "git-hooks.nix",
        "rev": "d8c02f0ffef0ef39f6063731fc539d8c71eb463a",
        "type": "github"
      },
      "original": {
        "owner": "cachix",
        "repo": "git-hooks.nix",
        "type": "github"
      }
    },
    "root": {
      "inputs": {
        "bart": "bart",
        "catppuccin": "catppuccin",
        "copyparty": "copyparty",
        "deploy-rs": "deploy-rs",
        "devshell": "devshell",
        "direnv-instant": "direnv-instant",
        "disko": "disko",
        "flake-parts": "flake-parts",
        "home-manager": "home-manager",
        "lazy-apps": "lazy-apps",
        "ncro": "ncro",
        "nix-index-database": "nix-index-database",
        "nix-maid": "nix-maid",
        "nixocaine": "nixocaine",
        "nixos-small": "nixos-small",
        "nixpkgs": [
          "nixpkgs-patcher",
          "nixpkgs-patched"
        ],
        "nixpkgs-patcher": "nixpkgs-patcher",
        "nixvim": "nixvim",
        "noctalia": "noctalia",
        "noctalia-greeter": "noctalia-greeter",
        "nur": "nur",
        "run0-sudo-shim": "run0-sudo-shim",
        "sops": "sops",
        "srvos": "srvos",
        "tasks": "tasks",
        "treefmt-nix": "treefmt-nix"
      }
    },
    "run0-sudo-shim": {
      "inputs": {
        "nix-github-actions": [],
        "nixpkgs": [
          "nixpkgs"
        ],
        "treefmt-nix": []
      },
      "locked": {
        "lastModified": 1782890834,
        "narHash": "sha256-J/I7VPXpOwNtEk9H+lbZVT+xJYBsSKgnMlwzlVIJSWk=",
        "owner": "LordGrimmauld",
        "repo": "run0-sudo-shim",
        "rev": "9fa985ddb9dc7f4d66aa7bfc3bc3188e4aa1d727",
        "type": "github"
      },
      "original": {
        "owner": "LordGrimmauld",
        "repo": "run0-sudo-shim",
        "type": "github"
      }
    },
    "sops": {
      "inputs": {
        "nixpkgs": [
          "nixpkgs"
        ]
      },
      "locked": {
        "lastModified": 1783174389,
        "narHash": "sha256-aCWC8ngycU7OdJrU2+Je3qf+1a2ykuBvpPhZT/9tXMc=",
        "owner": "Mic92",
        "repo": "sops-nix",
        "rev": "f1406619a3884cd5c47992a70b8b35c9c0fcb4c9",
        "type": "github"
      },
      "original": {
        "owner": "Mic92",
        "repo": "sops-nix",
        "type": "github"
      }
    },
    "srvos": {
      "inputs": {
        "nixpkgs": [
          "nixpkgs"
        ]
      },
      "locked": {
        "lastModified": 1783564915,
        "narHash": "sha256-FSJW7P6nv6QUbjMZvWvdfrwNEPHGkoQjqGNGnZL9qFU=",
        "owner": "nix-community",
        "repo": "srvos",
        "rev": "cc4362a6bfb33523d7d19e587c8d99ca5a00b7d8",
        "type": "github"
      },
      "original": {
        "owner": "nix-community",
        "repo": "srvos",
        "type": "github"
      }
    },
    "systems": {
      "locked": {
        "lastModified": 1681028828,
        "narHash": "sha256-Vy1rq5AaRuLzOxct8nz4T6wlgyUR7zLU309k9mBC768=",
        "owner": "nix-systems",
        "repo": "default",
        "rev": "da67096a3b9bf56a91d16901293e51ba5b49a27e",
        "type": "github"
      },
      "original": {
        "id": "systems",
        "type": "indirect"
      }
    },
    "systems_2": {
      "locked": {
        "lastModified": 1681028828,
        "narHash": "sha256-Vy1rq5AaRuLzOxct8nz4T6wlgyUR7zLU309k9mBC768=",
        "owner": "nix-systems",
        "repo": "default",
        "rev": "da67096a3b9bf56a91d16901293e51ba5b49a27e",
        "type": "github"
      },
      "original": {
        "id": "systems",
        "type": "indirect"
      }
    },
    "systems_3": {
      "locked": {
        "lastModified": 1681028828,
        "narHash": "sha256-Vy1rq5AaRuLzOxct8nz4T6wlgyUR7zLU309k9mBC768=",
        "owner": "nix-systems",
        "repo": "default",
        "rev": "da67096a3b9bf56a91d16901293e51ba5b49a27e",
        "type": "github"
      },
      "original": {
        "id": "systems",
        "type": "indirect"
      }
    },
    "systems_4": {
      "locked": {
        "lastModified": 1774449309,
        "narHash": "sha256-brhZ8DmuGtzkCYHJg4HEd602amKm89Y9ytsFZ5uWD1w=",
        "owner": "nix-systems",
        "repo": "default",
        "rev": "c29398b59d2048c4ab79345812849c9bd15e9150",
        "type": "github"
      },
      "original": {
        "owner": "nix-systems",
        "ref": "future-26.11",
        "repo": "default",
        "type": "github"
      }
    },
    "systems_5": {
      "locked": {
        "lastModified": 1774449309,
        "narHash": "sha256-brhZ8DmuGtzkCYHJg4HEd602amKm89Y9ytsFZ5uWD1w=",
        "owner": "nix-systems",
        "repo": "default",
        "rev": "c29398b59d2048c4ab79345812849c9bd15e9150",
        "type": "github"
      },
      "original": {
        "owner": "nix-systems",
        "ref": "future-26.11",
        "repo": "default",
        "type": "github"
      }
    },
    "tasks": {
      "inputs": {
        "flake-parts": [
          "flake-parts"
        ],
        "nixpkgs": [
          "nixpkgs"
        ],
        "systems": "systems_5",
        "treefmt-nix": [
          "treefmt-nix"
        ]
      },
      "locked": {
        "lastModified": 1781132244,
        "narHash": "sha256-q+q669WiizQdgo+D8Rk8kGpiYFonIti+mEOTcYkVKnY=",
        "ref": "refs/heads/main",
        "rev": "b8b501201c7ce8dca7e67e905e236215971ac589",
        "revCount": 92,
        "type": "git",
        "url": "https://git.toostveen.nl/tom/tasks.nvim"
      },
      "original": {
        "type": "git",
        "url": "https://git.toostveen.nl/tom/tasks.nvim"
      }
    },
    "treefmt-nix": {
      "inputs": {
        "nixpkgs": [
          "nixpkgs"
        ]
      },
      "locked": {
        "lastModified": 1780220602,
        "narHash": "sha256-eynAfOmbmxJnkp7YewvCEbShNnnYJ9gLLqkzsYtBPeM=",
        "owner": "numtide",
        "repo": "treefmt-nix",
        "rev": "db947814a175b7ca6ded66e21383d938df01c227",
        "type": "github"
      },
      "original": {
        "owner": "numtide",
        "repo": "treefmt-nix",
        "type": "github"
      }
    }
  },
  "root": "root",
  "version": 7
}
