{
  "nodes": {
    "avalanche": {
      "inputs": {
        "nixpkgs": [
          "nixocaine",
          "nam-shub-of-enki",
          "nixpkgs"
        ],
        "nixpkgs-2505": "nixpkgs-2505",
        "pre-commit-hooks": [
          "nixocaine",
          "nam-shub-of-enki",
          "pre-commit-hooks"
        ],
        "systems": "systems_2",
        "treefmt-nix": [
          "nixocaine",
          "nam-shub-of-enki",
          "treefmt-nix"
        ]
      },
      "locked": {
        "lastModified": 1765198317,
        "narHash": "sha256-IQoB7lK8cJzWG3hEZrPe0Zoa8/1LRwcgTSoX9mpr20E=",
        "ref": "refs/heads/main",
        "rev": "01af515b690125cb0b636a86ab95cace3c0cc8c6",
        "revCount": 160,
        "type": "git",
        "url": "https://git.madhouse-project.org/algernon/avalanche.git"
      },
      "original": {
        "type": "git",
        "url": "https://git.madhouse-project.org/algernon/avalanche.git"
      }
    },
    "bart": {
      "flake": false,
      "locked": {
        "lastModified": 1786596305,
        "narHash": "sha256-SSWHdga7dJny6ieg1hjc7+0mIC/k5mP7ZpWyFcDQgi4=",
        "owner": "bartoostveen",
        "repo": "infra",
        "rev": "403eaaa8af3f51374f3a798c0943934ec6e0c66d",
        "type": "github"
      },
      "original": {
        "owner": "bartoostveen",
        "repo": "infra",
        "type": "github"
      }
    },
    "bart-packages": {
      "inputs": {
        "flake-parts": [
          "flake-parts"
        ],
        "nixpkgs": [
          "nixpkgs"
        ],
        "treefmt-nix": [
          "treefmt-nix"
        ]
      },
      "locked": {
        "lastModified": 1786596080,
        "narHash": "sha256-M3N/r1ETkWtaZD+7LBwj6UeaVDHVuwIUm09xm8qPK2w=",
        "ref": "refs/heads/master",
        "rev": "2fb3beba38f36ce1e7e3c467e2e732c9094683f4",
        "revCount": 128,
        "type": "git",
        "url": "https://git.bartoostveen.nl/bart/nix-packages.git"
      },
      "original": {
        "type": "git",
        "url": "https://git.bartoostveen.nl/bart/nix-packages.git"
      }
    },
    "catppuccin": {
      "inputs": {
        "nixpkgs": [
          "nixpkgs"
        ]
      },
      "locked": {
        "lastModified": 1786309022,
        "narHash": "sha256-Bn1EFvCd74JZXJs3pxUdfEMhls3/yuJre4O1owI6oe8=",
        "owner": "catppuccin",
        "repo": "nix",
        "rev": "9e84aa294455c58a1caba475902d06c1170ed5c1",
        "type": "github"
      },
      "original": {
        "owner": "catppuccin",
        "repo": "nix",
        "type": "github"
      }
    },
    "copyparty": {
      "inputs": {
        "flake-utils": "flake-utils",
        "nixpkgs": [
          "nixpkgs"
        ]
      },
      "locked": {
        "lastModified": 1786054218,
        "narHash": "sha256-frbTEfqt6fAOcQ4Xk9o1cR5Eq//XhlmqS+3M86ZH1hY=",
        "owner": "9001",
        "repo": "copyparty",
        "rev": "fbcb7733071560bac490ca60b0bb982a00bbe343",
        "type": "github"
      },
      "original": {
        "owner": "9001",
        "repo": "copyparty",
        "type": "github"
      }
    },
    "devshell": {
      "inputs": {
        "nixpkgs": [
          "nixpkgs"
        ]
      },
      "locked": {
        "lastModified": 1768818222,
        "narHash": "sha256-460jc0+CZfyaO8+w8JNtlClB2n4ui1RbHfPTLkpwhU8=",
        "owner": "numtide",
        "repo": "devshell",
        "rev": "255a2b1725a20d060f566e4755dbf571bbbb5f76",
        "type": "github"
      },
      "original": {
        "owner": "numtide",
        "repo": "devshell",
        "type": "github"
      }
    },
    "direnv-instant": {
      "inputs": {
        "flake-parts": [
          "flake-parts"
        ],
        "nixpkgs": [
          "nixpkgs"
        ],
        "treefmt-nix": [
          "treefmt-nix"
        ]
      },
      "locked": {
        "lastModified": 1786604915,
        "narHash": "sha256-Z1iCZoegN9p3n5dPc9oWFS7AVVgllASbsh5lfoJPoUY=",
        "owner": "Mic92",
        "repo": "direnv-instant",
        "rev": "ab0e5239aaeadf4da20ff43c6141b0339586348a",
        "type": "github"
      },
      "original": {
        "owner": "Mic92",
        "repo": "direnv-instant",
        "type": "github"
      }
    },
    "disko": {
      "inputs": {
        "nixpkgs": [
          "nixpkgs"
        ]
      },
      "locked": {
        "lastModified": 1768920986,
        "narHash": "sha256-CNzzBsRhq7gg4BMBuTDObiWDH/rFYHEuDRVOwCcwXw4=",
        "owner": "nix-community",
        "repo": "disko",
        "rev": "de5708739256238fb912c62f03988815db89ec9a",
        "type": "github"
      },
      "original": {
        "owner": "nix-community",
        "ref": "latest",
        "repo": "disko",
        "type": "github"
      }
    },
    "flake-compat": {
      "flake": false,
      "locked": {
        "lastModified": 1696426674,
        "narHash": "sha256-kvjfFW7WAETZlt09AgDn1MrtKzP7t90Vf7vypd3OL1U=",
        "owner": "edolstra",
        "repo": "flake-compat",
        "rev": "0f9255e01c2351cc7d116c072cb317785dd33b33",
        "type": "github"
      },
      "original": {
        "owner": "edolstra",
        "repo": "flake-compat",
        "type": "github"
      }
    },
    "flake-parts": {
      "inputs": {
        "nixpkgs-lib": "nixpkgs-lib"
      },
      "locked": {
        "lastModified": 1785627969,
        "narHash": "sha256-4dtXQk/NMePegK/nWp5NSeuZKLATItOq61lpEvmXqGw=",
        "owner": "hercules-ci",
        "repo": "flake-parts",
        "rev": "427bf4bd9435fdf21321c8cc628c24efc14c0f7a",
        "type": "github"
      },
      "original": {
        "owner": "hercules-ci",
        "repo": "flake-parts",
        "type": "github"
      }
    },
    "flake-utils": {
      "locked": {
        "lastModified": 1678901627,
        "narHash": "sha256-U02riOqrKKzwjsxc/400XnElV+UtPUQWpANPlyazjH0=",
        "owner": "numtide",
        "repo": "flake-utils",
        "rev": "93a2b84fc4b70d9e089d029deacc3583435c2ed6",
        "type": "github"
      },
      "original": {
        "owner": "numtide",
        "repo": "flake-utils",
        "type": "github"
      }
    },
    "gitignore": {
      "inputs": {
        "nixpkgs": [
          "lazy-apps",
          "pre-commit-hooks",
          "nixpkgs"
        ]
      },
      "locked": {
        "lastModified": 1709087332,
        "narHash": "sha256-HG2cCnktfHsKV0s4XW83gU3F57gaTljL9KNSuG6bnQs=",
        "owner": "hercules-ci",
        "repo": "gitignore.nix",
        "rev": "637db329424fd7e46cf4185293b9cc8c88c95394",
        "type": "github"
      },
      "original": {
        "owner": "hercules-ci",
        "repo": "gitignore.nix",
        "type": "github"
      }
    },
    "home-manager": {
      "inputs": {
        "nixpkgs": [
          "nixpkgs"
        ]
      },
      "locked": {
        "lastModified": 1786603258,
        "narHash": "sha256-j1lYPT7YxOQc/G7NcJKqdpQ5/A5yX2aZdhVKkJR6cM4=",
        "owner": "nix-community",
        "repo": "home-manager",
        "rev": "0668fdbc15bd602e463cab37ff64346021193652",
        "type": "github"
      },
      "original": {
        "owner": "nix-community",
        "repo": "home-manager",
        "type": "github"
      }
    },
    "iocaine-stable": {
      "inputs": {
        "nixpkgs": [
          "nixocaine",
          "nixpkgs"
        ],
        "pre-commit-hooks": [
          "nixocaine",
          "pre-commit-hooks"
        ],
        "systems": "systems",
        "treefmt-nix": [
          "nixocaine",
          "treefmt-nix"
        ]
      },
      "locked": {
        "lastModified": 1779742069,
        "narHash": "sha256-adsQuSL4F1mfSsUtLwdgUtHVYessBM31tlBU8Rbbst4=",
        "rev": "6dab9ec9bc05b8f70e2941ca24d0f4a778dea872",
        "type": "tarball",
        "url": "https://git.madhouse-project.org/api/v1/repos/iocaine/iocaine/archive/6dab9ec9bc05b8f70e2941ca24d0f4a778dea872.tar.gz?rev=6dab9ec9bc05b8f70e2941ca24d0f4a778dea872"
      },
      "original": {
        "type": "tarball",
        "url": "https://git.madhouse-project.org/iocaine/iocaine/archive/iocaine-3.5.0.tar.gz"
      }
    },
    "lazy-apps": {
      "inputs": {
        "nixpkgs": [
          "nixpkgs"
        ],
        "pre-commit-hooks": "pre-commit-hooks"
      },
      "locked": {
        "lastModified": 1768247242,
        "narHash": "sha256-sT3lgZnPfeFov8neHHN4iXkeSy+V4PBFgUbW3WJFCQ4=",
        "ref": "refs/heads/master",
        "rev": "61fb2f10eca1cbf5857fcf12df466631b502f5e7",
        "revCount": 26,
        "type": "git",
        "url": "https://git.toostveen.nl/tom/lazy-apps"
      },
      "original": {
        "type": "git",
        "url": "https://git.toostveen.nl/tom/lazy-apps"
      }
    },
    "nam-shub-of-enki": {
      "inputs": {
        "avalanche": "avalanche",
        "iocaine": [
          "nixocaine",
          "iocaine-stable"
        ],
        "nixpkgs": [
          "nixocaine",
          "nixpkgs"
        ],
        "pre-commit-hooks": [
          "nixocaine",
          "pre-commit-hooks"
        ],
        "treefmt-nix": [
          "nixocaine",
          "treefmt-nix"
        ]
      },
      "locked": {
        "lastModified": 1780214260,
        "narHash": "sha256-JKsPXxXokBIAcwD5hc+8M248dShtvNS+MbGJdo/p8ws=",
        "ref": "iocaine-3.x",
        "rev": "736d63d9524bb9817ccb8080402bfa07b1106f51",
        "revCount": 346,
        "type": "git",
        "url": "https://git.madhouse-project.org/iocaine/nam-shub-of-enki"
      },
      "original": {
        "ref": "iocaine-3.x",
        "type": "git",
        "url": "https://git.madhouse-project.org/iocaine/nam-shub-of-enki"
      }
    },
    "ncro": {
      "inputs": {
        "nixpkgs": [
          "nixpkgs"
        ]
      },
      "locked": {
        "lastModified": 1786045750,
        "narHash": "sha256-q3A6b0bIqOM1Ewzzi/dp/+MAzmAkAIpGwyE1KPBBxcM=",
        "owner": "feel-co",
        "repo": "ncro",
        "rev": "c6e07f2adeca2b7673b52628e531187dcbfc34e9",
        "type": "github"
      },
      "original": {
        "owner": "feel-co",
        "repo": "ncro",
        "type": "github"
      }
    },
    "nix-index-database": {
      "inputs": {
        "nixpkgs": [
          "nixpkgs"
        ]
      },
      "locked": {
        "lastModified": 1786249295,
        "narHash": "sha256-Y2mSr+HLKYoOsjiackgilxkHXe8gkJ3z4hFFekjQX3I=",
        "owner": "nix-community",
        "repo": "nix-index-database",
        "rev": "14d55b8069119e3b88da7aa2f6c97f86a2cd3cd6",
        "type": "github"
      },
      "original": {
        "owner": "nix-community",
        "repo": "nix-index-database",
        "type": "github"
      }
    },
    "nix-maid": {
      "locked": {
        "lastModified": 1781635712,
        "narHash": "sha256-FMCCzcPNfI1jxIt89zCqwFy6oq7TSL5MpClCIuz1JVk=",
        "owner": "viperML",
        "repo": "nix-maid",
        "rev": "b2fc8413bbba4277db47525e6bbab3508f03d081",
        "type": "github"
      },
      "original": {
        "owner": "viperML",
        "repo": "nix-maid",
        "rev": "b2fc8413bbba4277db47525e6bbab3508f03d081",
        "type": "github"
      }
    },
    "nixocaine": {
      "inputs": {
        "iocaine-stable": "iocaine-stable",
        "nam-shub-of-enki": "nam-shub-of-enki",
        "nixpkgs": [
          "nixpkgs"
        ],
        "pre-commit-hooks": [],
        "systems": "systems_3",
        "treefmt-nix": []
      },
      "locked": {
        "lastModified": 1780214293,
        "narHash": "sha256-qmlzbb0FjVpVLusw7xPpxVS74oNdNaBLZheDW9qZSk8=",
        "ref": "stable",
        "rev": "36c1a15ecbea53bf8b4380b5b44a04372d67192e",
        "revCount": 135,
        "type": "git",
        "url": "https://git.madhouse-project.org/iocaine/nixocaine/"
      },
      "original": {
        "ref": "stable",
        "type": "git",
        "url": "https://git.madhouse-project.org/iocaine/nixocaine/"
      }
    },
    "nixos-small": {
      "locked": {
        "lastModified": 1787056454,
        "narHash": "sha256-TKy37VKw2BsTpQhRXzKKKJL5qi8oY4MeqyD6J/Mersg=",
        "rev": "ced43465ad23b2fdea055be721e79895cbf96c28",
        "type": "tarball",
        "url": "https://releases.nixos.org/nixos/unstable-small/nixos-26.11pre1057537.ced43465ad23/nixexprs.tar.zst?lastModified=1787056454&rev=ced43465ad23b2fdea055be721e79895cbf96c28"
      },
      "original": {
        "type": "tarball",
        "url": "https://channels.nixos.org/nixos-unstable-small/nixexprs.tar.zst"
      }
    },
    "nixpkgs": {
      "locked": {
        "lastModified": 1786599213,
        "narHash": "sha256-yjGG65gA1jORt0hWxjzrnw3AYkIn8EWolp8vezwXZ3I=",
        "rev": "0e251e24a4f24e036a084b6b4b2d2491af4167f4",
        "type": "tarball",
        "url": "https://releases.nixos.org/nixos/unstable/nixos-26.11pre1053317.0e251e24a4f2/nixexprs.tar.zst?lastModified=1786599213&rev=0e251e24a4f24e036a084b6b4b2d2491af4167f4"
      },
      "original": {
        "type": "tarball",
        "url": "https://channels.nixos.org/nixos-unstable/nixexprs.tar.zst"
      }
    },
    "nixpkgs-2505": {
      "locked": {
        "lastModified": 1764939437,
        "narHash": "sha256-4TLFHUwXraw9Df5mXC/vCrJgb50CRr3CzUzF0Mn3CII=",
        "owner": "NixOS",
        "repo": "nixpkgs",
        "rev": "00d2457e2f608b4be6fe8b470b0a36816324b0ae",
        "type": "github"
      },
      "original": {
        "owner": "NixOS",
        "ref": "nixos-25.05",
        "repo": "nixpkgs",
        "type": "github"
      }
    },
    "nixpkgs-lib": {
      "locked": {
        "lastModified": 1785031560,
        "narHash": "sha256-OmshNvn2vupOFpYinLUu+1Dnpu4n7Q5N3ggGVNHpkUI=",
        "owner": "nix-community",
        "repo": "nixpkgs.lib",
        "rev": "0e79af5e3d4dcfcd676ab5ba3f95d2e3352e078c",
        "type": "github"
      },
      "original": {
        "owner": "nix-community",
        "repo": "nixpkgs.lib",
        "type": "github"
      }
    },
    "nixpkgs-stable": {
      "locked": {
        "lastModified": 1730741070,
        "narHash": "sha256-edm8WG19kWozJ/GqyYx2VjW99EdhjKwbY3ZwdlPAAlo=",
        "owner": "NixOS",
        "repo": "nixpkgs",
        "rev": "d063c1dd113c91ab27959ba540c0d9753409edf3",
        "type": "github"
      },
      "original": {
        "owner": "NixOS",
        "ref": "nixos-24.05",
        "repo": "nixpkgs",
        "type": "github"
      }
    },
    "nixvim": {
      "inputs": {
        "flake-parts": [
          "flake-parts"
        ],
        "nixpkgs": [
          "nixpkgs"
        ],
        "systems": "systems_4"
      },
      "locked": {
        "lastModified": 1786577888,
        "narHash": "sha256-EVSCHLGozO2S4d14WianQ9JiU9tpPgdFv9uD74/xqeQ=",
        "owner": "nix-community",
        "repo": "nixvim",
        "rev": "738351a7813be094fb00fce1a149bcc25e936c36",
        "type": "github"
      },
      "original": {
        "owner": "nix-community",
        "repo": "nixvim",
        "type": "github"
      }
    },
    "nur": {
      "inputs": {
        "flake-parts": [
          "flake-parts"
        ],
        "nixpkgs": [
          "nixpkgs"
        ]
      },
      "locked": {
        "lastModified": 1786621532,
        "narHash": "sha256-DgicxmOUsPoE41IrYOYu0O9oQ32KdT1RAvzPkj7QCX8=",
        "owner": "nix-community",
        "repo": "NUR",
        "rev": "b0a7eaf3dbbdd5f35b27db3069fabef1c1716140",
        "type": "github"
      },
      "original": {
        "owner": "nix-community",
        "repo": "NUR",
        "type": "github"
      }
    },
    "pre-commit-hooks": {
      "inputs": {
        "flake-compat": "flake-compat",
        "gitignore": "gitignore",
        "nixpkgs": [
          "lazy-apps",
          "nixpkgs"
        ],
        "nixpkgs-stable": "nixpkgs-stable"
      },
      "locked": {
        "lastModified": 1733665616,
        "narHash": "sha256-+XTFXYlFJBxohhMGLDpYdEnhUNdxN8dyTA8WAd+lh2A=",
        "owner": "cachix",
        "repo": "git-hooks.nix",
        "rev": "d8c02f0ffef0ef39f6063731fc539d8c71eb463a",
        "type": "github"
      },
      "original": {
        "owner": "cachix",
        "repo": "git-hooks.nix",
        "type": "github"
      }
    },
    "root": {
      "inputs": {
        "bart": "bart",
        "bart-packages": "bart-packages",
        "catppuccin": "catppuccin",
        "copyparty": "copyparty",
        "devshell": "devshell",
        "direnv-instant": "direnv-instant",
        "disko": "disko",
        "flake-parts": "flake-parts",
        "home-manager": "home-manager",
        "lazy-apps": "lazy-apps",
        "ncro": "ncro",
        "nix-index-database": "nix-index-database",
        "nix-maid": "nix-maid",
        "nixocaine": "nixocaine",
        "nixos-small": "nixos-small",
        "nixpkgs": "nixpkgs",
        "nixvim": "nixvim",
        "nur": "nur",
        "run0-sudo-shim": "run0-sudo-shim",
        "sops": "sops",
        "srvos": "srvos",
        "tasks": "tasks",
        "treefmt-nix": "treefmt-nix"
      }
    },
    "run0-sudo-shim": {
      "inputs": {
        "nix-github-actions": [],
        "nixpkgs": [
          "nixpkgs"
        ],
        "treefmt-nix": []
      },
      "locked": {
        "lastModified": 1782890834,
        "narHash": "sha256-J/I7VPXpOwNtEk9H+lbZVT+xJYBsSKgnMlwzlVIJSWk=",
        "owner": "LordGrimmauld",
        "repo": "run0-sudo-shim",
        "rev": "9fa985ddb9dc7f4d66aa7bfc3bc3188e4aa1d727",
        "type": "github"
      },
      "original": {
        "owner": "LordGrimmauld",
        "repo": "run0-sudo-shim",
        "type": "github"
      }
    },
    "sops": {
      "inputs": {
        "nixpkgs": [
          "nixpkgs"
        ]
      },
      "locked": {
        "lastModified": 1786375908,
        "narHash": "sha256-G7qDAT98nywA4EFmJCwIRO5wKvDlBBN3BWpsOnjAto8=",
        "owner": "Mic92",
        "repo": "sops-nix",
        "rev": "d1337e05ba0a8e88a75d2c0e1595d82f3b3e2ac4",
        "type": "github"
      },
      "original": {
        "owner": "Mic92",
        "repo": "sops-nix",
        "type": "github"
      }
    },
    "srvos": {
      "inputs": {
        "nixpkgs": [
          "nixpkgs"
        ]
      },
      "locked": {
        "lastModified": 1786588414,
        "narHash": "sha256-OVAaMIDfjEDamr1Xh4XZKqoX/Xzhg9ShO40julUxZrs=",
        "owner": "nix-community",
        "repo": "srvos",
        "rev": "fb298f6a85da3241b2d024e82b618ab3f5cc6de2",
        "type": "github"
      },
      "original": {
        "owner": "nix-community",
        "repo": "srvos",
        "type": "github"
      }
    },
    "systems": {
      "locked": {
        "lastModified": 1681028828,
        "narHash": "sha256-Vy1rq5AaRuLzOxct8nz4T6wlgyUR7zLU309k9mBC768=",
        "owner": "nix-systems",
        "repo": "default",
        "rev": "da67096a3b9bf56a91d16901293e51ba5b49a27e",
        "type": "github"
      },
      "original": {
        "id": "systems",
        "type": "indirect"
      }
    },
    "systems_2": {
      "locked": {
        "lastModified": 1681028828,
        "narHash": "sha256-Vy1rq5AaRuLzOxct8nz4T6wlgyUR7zLU309k9mBC768=",
        "owner": "nix-systems",
        "repo": "default",
        "rev": "da67096a3b9bf56a91d16901293e51ba5b49a27e",
        "type": "github"
      },
      "original": {
        "id": "systems",
        "type": "indirect"
      }
    },
    "systems_3": {
      "locked": {
        "lastModified": 1681028828,
        "narHash": "sha256-Vy1rq5AaRuLzOxct8nz4T6wlgyUR7zLU309k9mBC768=",
        "owner": "nix-systems",
        "repo": "default",
        "rev": "da67096a3b9bf56a91d16901293e51ba5b49a27e",
        "type": "github"
      },
      "original": {
        "id": "systems",
        "type": "indirect"
      }
    },
    "systems_4": {
      "locked": {
        "lastModified": 1774449309,
        "narHash": "sha256-brhZ8DmuGtzkCYHJg4HEd602amKm89Y9ytsFZ5uWD1w=",
        "owner": "nix-systems",
        "repo": "default",
        "rev": "c29398b59d2048c4ab79345812849c9bd15e9150",
        "type": "github"
      },
      "original": {
        "owner": "nix-systems",
        "ref": "future-26.11",
        "repo": "default",
        "type": "github"
      }
    },
    "systems_5": {
      "locked": {
        "lastModified": 1774449309,
        "narHash": "sha256-brhZ8DmuGtzkCYHJg4HEd602amKm89Y9ytsFZ5uWD1w=",
        "owner": "nix-systems",
        "repo": "default",
        "rev": "c29398b59d2048c4ab79345812849c9bd15e9150",
        "type": "github"
      },
      "original": {
        "owner": "nix-systems",
        "ref": "future-26.11",
        "repo": "default",
        "type": "github"
      }
    },
    "tasks": {
      "inputs": {
        "flake-parts": [
          "flake-parts"
        ],
        "nixpkgs": [
          "nixpkgs"
        ],
        "systems": "systems_5",
        "treefmt-nix": [
          "treefmt-nix"
        ]
      },
      "locked": {
        "lastModified": 1781132244,
        "narHash": "sha256-q+q669WiizQdgo+D8Rk8kGpiYFonIti+mEOTcYkVKnY=",
        "ref": "refs/heads/main",
        "rev": "b8b501201c7ce8dca7e67e905e236215971ac589",
        "revCount": 92,
        "type": "git",
        "url": "https://git.toostveen.nl/tom/tasks.nvim"
      },
      "original": {
        "type": "git",
        "url": "https://git.toostveen.nl/tom/tasks.nvim"
      }
    },
    "treefmt-nix": {
      "inputs": {
        "nixpkgs": [
          "nixpkgs"
        ]
      },
      "locked": {
        "lastModified": 1785945821,
        "narHash": "sha256-NLSyTCW4K4ofhNBllt3omPasm6QpralXH1DBZOc91Dw=",
        "owner": "numtide",
        "repo": "treefmt-nix",
        "rev": "ae7910970dddc408fe6ab1c8e4b277bb21d72dc0",
        "type": "github"
      },
      "original": {
        "owner": "numtide",
        "repo": "treefmt-nix",
        "type": "github"
      }
    }
  },
  "root": "root",
  "version": 7
}
